<?xml version="1.0" encoding="utf-8"?>
<Project ToolsVersion="4.0" xmlns="http://schemas.microsoft.com/developer/msbuild/2003">
  <ItemGroup>
    <Filter Include="源文件">
      <UniqueIdentifier>{4FC737F1-C7A5-4376-A066-2A32D752A2FF}</UniqueIdentifier>
      <Extensions>cpp;c;cc;cxx;c++;cppm;ixx;def;odl;idl;hpj;bat;asm;asmx</Extensions>
    </Filter>
    <Filter Include="头文件">
      <UniqueIdentifier>{93995380-89BD-4b04-88EB-625FBE52EBFB}</UniqueIdentifier>
      <Extensions>h;hh;hpp;hxx;h++;hm;inl;inc;ipp;xsd</Extensions>
    </Filter>
    <Filter Include="资源文件">
      <UniqueIdentifier>{67DA6AB6-F800-4c08-8B7A-83BB121AAD01}</UniqueIdentifier>
      <Extensions>rc;ico;cur;bmp;dlg;rc2;rct;bin;rgs;gif;jpg;jpeg;jpe;resx;tiff;tif;png;wav;mfcribbon-ms</Extensions>
    </Filter>
  </ItemGroup>
  <ItemGroup>
    <ClInclude Include="数组中的逆序对.h">
      <Filter>头文件</Filter>
    </ClInclude>
  </ItemGroup>
  <ItemGroup>
    <ClCompile Include="388-文件的最长绝对路径.cpp">
      <Filter>源文件</Filter>
    </ClCompile>
    <ClCompile Include="440-字典序的第k小数字.cpp">
      <Filter>源文件</Filter>
    </ClCompile>
    <ClCompile Include="310-最小高度树.cpp">
      <Filter>源文件</Filter>
    </ClCompile>
    <ClCompile Include="51-N皇后问题.cpp">
      <Filter>源文件</Filter>
    </ClCompile>
    <ClCompile Include="52-N皇后问题II.cpp">
      <Filter>源文件</Filter>
    </ClCompile>
    <ClCompile Include="31-下一个排列.cpp">
      <Filter>源文件</Filter>
    </ClCompile>
    <ClCompile Include="980-不同路径III.cpp">
      <Filter>源文件</Filter>
    </ClCompile>
    <ClCompile Include="694-不同的岛屿的数量.cpp">
      <Filter>源文件</Filter>
    </ClCompile>
    <ClCompile Include="668-乘法表中第k小的数.cpp">
      <Filter>源文件</Filter>
    </ClCompile>
    <ClCompile Include="464-我能赢吗.cpp">
      <Filter>源文件</Filter>
    </ClCompile>
    <ClCompile Include="剑指offerii-114-外星文字典.cpp">
      <Filter>源文件</Filter>
    </ClCompile>
    <ClCompile Include="30. 串联所有单词的子串.cpp">
      <Filter>源文件</Filter>
    </ClCompile>
    <ClCompile Include="828. 统计子串中的唯一字符.cpp">
      <Filter>源文件</Filter>
    </ClCompile>
    <ClCompile Include="4. 寻找两个正序数组的中位数.cpp">
      <Filter>源文件</Filter>
    </ClCompile>
    <ClCompile Include="面试题17.19.消失的数字.cpp">
      <Filter>源文件</Filter>
    </ClCompile>
  </ItemGroup>
</Project>